Microsoft Visual Studio Solution File, Format Version 12.00
# Visual Studio Version 17
VisualStudioVersion = 17.12.35707.178
MinimumVisualStudioVersion = 10.0.40219.1
Project("{FAE04EC0-301F-11D3-BF4B-00C04F79EFBC}") = "SbModbus", "SbModbus\SbModbus.csproj", "{6A3CC2EB-1758-468F-9699-0E351DEDBF23}"
EndProject
Project("{FAE04EC0-301F-11D3-BF4B-00C04F79EFBC}") = "ModbusTest", "ModbusTest\ModbusTest.csproj", "{790986E5-B38F-40E9-B10A-E46D59A24FAD}"
EndProject
Project("{FAE04EC0-301F-11D3-BF4B-00C04F79EFBC}") = "SbModbus.SourceGenerator", "SbModbus.SourceGenerator\SbModbus.SourceGenerator.csproj", "{93F23EE0-1900-4FF4-9F5F-7DECC34F5460}"
EndProject
Global
	GlobalSection(SolutionConfigurationPlatforms) = preSolution
		Debug|Any CPU = Debug|Any CPU
		Release|Any CPU = Release|Any CPU
	EndGlobalSection
	GlobalSection(ProjectConfigurationPlatforms) = postSolution
		{6A3CC2EB-1758-468F-9699-0E351DEDBF23}.Debug|Any CPU.ActiveCfg = Debug|Any CPU
		{6A3CC2EB-1758-468F-9699-0E351DEDBF23}.Debug|Any CPU.Build.0 = Debug|Any CPU
		{6A3CC2EB-1758-468F-9699-0E351DEDBF23}.Release|Any CPU.ActiveCfg = Release|Any CPU
		{6A3CC2EB-1758-468F-9699-0E351DEDBF23}.Release|Any CPU.Build.0 = Release|Any CPU
		{790986E5-B38F-40E9-B10A-E46D59A24FAD}.Debug|Any CPU.ActiveCfg = Debug|Any CPU
		{790986E5-B38F-40E9-B10A-E46D59A24FAD}.Debug|Any CPU.Build.0 = Debug|Any CPU
		{790986E5-B38F-40E9-B10A-E46D59A24FAD}.Release|Any CPU.ActiveCfg = Release|Any CPU
		{790986E5-B38F-40E9-B10A-E46D59A24FAD}.Release|Any CPU.Build.0 = Release|Any CPU
		{93F23EE0-1900-4FF4-9F5F-7DECC34F5460}.Debug|Any CPU.ActiveCfg = Debug|Any CPU
		{93F23EE0-1900-4FF4-9F5F-7DECC34F5460}.Debug|Any CPU.Build.0 = Debug|Any CPU
		{93F23EE0-1900-4FF4-9F5F-7DECC34F5460}.Release|Any CPU.ActiveCfg = Release|Any CPU
		{93F23EE0-1900-4FF4-9F5F-7DECC34F5460}.Release|Any CPU.Build.0 = Release|Any CPU
	EndGlobalSection
	GlobalSection(SolutionProperties) = preSolution
		HideSolutionNode = FALSE
	EndGlobalSection
EndGlobal
